{
  "name": "Quizzy",
  "lockfileVersion": 3,
  "requires": true,
  "packages": {
    "": {
      "devDependencies": {
        "chromatic": "^10.2.0"
      }
    },
    "node_modules/chromatic": {
      "version": "10.2.0",
      "resolved": "https://registry.npmjs.org/chromatic/-/chromatic-10.2.0.tgz",
      "integrity": "sha512-UDVGWa2Fx9CLCpwnyfvFHGr0vGF0ooB1TugUdgOcjC9pJXiFa67i7oaXMyTfVRIFxlt/QkqOJwdqDqqlLFffCw==",
      "dev": true,
      "bin": {
        "chroma": "dist/bin.js",
        "chromatic": "dist/bin.js",
        "chromatic-cli": "dist/bin.js"
      }
    }
  }
}
